// !$*UTF8*$!
{
	archiveVersion = 1;
	classes = {
	};
	objectVersion = 52;
	objects = {

/* Begin PBXBuildFile section */
		083BC84225E57C6400F8833F /* AppDelegate.swift in Sources */ = {isa = PBXBuildFile; fileRef = 083BC84125E57C6400F8833F /* AppDelegate.swift */; };
		083BC84425E57C6400F8833F /* SceneDelegate.swift in Sources */ = {isa = PBXBuildFile; fileRef = 083BC84325E57C6400F8833F /* SceneDelegate.swift */; };
		083BC84B25E57C6600F8833F /* Assets.xcassets in Resources */ = {isa = PBXBuildFile; fileRef = 083BC84A25E57C6600F8833F /* Assets.xcassets */; };
		083BC84E25E57C6600F8833F /* LaunchScreen.storyboard in Resources */ = {isa = PBXBuildFile; fileRef = 083BC84C25E57C6600F8833F /* LaunchScreen.storyboard */; };
		083BC86425E57C6600F8833F /* MovieAppUITests.swift in Sources */ = {isa = PBXBuildFile; fileRef = 083BC86325E57C6600F8833F /* MovieAppUITests.swift */; };
		083BC89525E5840C00F8833F /* BaseViewController.swift in Sources */ = {isa = PBXBuildFile; fileRef = 083BC89425E5840C00F8833F /* BaseViewController.swift */; };
		083BC89D25E5846C00F8833F /* BaseView.swift in Sources */ = {isa = PBXBuildFile; fileRef = 083BC89C25E5846C00F8833F /* BaseView.swift */; };
		083BC8A325E584B400F8833F /* ViewSetupable.swift in Sources */ = {isa = PBXBuildFile; fileRef = 083BC8A225E584B400F8833F /* ViewSetupable.swift */; };
		083BC8AB25E5855C00F8833F /* NavigationFlowController.swift in Sources */ = {isa = PBXBuildFile; fileRef = 083BC8AA25E5855C00F8833F /* NavigationFlowController.swift */; };
		083BC8B025E5858000F8833F /* FlowController.swift in Sources */ = {isa = PBXBuildFile; fileRef = 083BC8AF25E5858000F8833F /* FlowController.swift */; };
		083BC8B525E5860D00F8833F /* BaseFlowController.swift in Sources */ = {isa = PBXBuildFile; fileRef = 083BC8B425E5860D00F8833F /* BaseFlowController.swift */; };
		083BC8BA25E5862700F8833F /* NavigationDelegate.swift in Sources */ = {isa = PBXBuildFile; fileRef = 083BC8B925E5862700F8833F /* NavigationDelegate.swift */; };
		083BC8BF25E5869A00F8833F /* BaseNavigationFlowController.swift in Sources */ = {isa = PBXBuildFile; fileRef = 083BC8BE25E5869A00F8833F /* BaseNavigationFlowController.swift */; };
		083BC8C525E5870100F8833F /* AppFoundation.swift in Sources */ = {isa = PBXBuildFile; fileRef = 083BC8C425E5870100F8833F /* AppFoundation.swift */; };
		083BC8CE25E5875900F8833F /* CustomBackNavigationController.swift in Sources */ = {isa = PBXBuildFile; fileRef = 083BC8CD25E5875900F8833F /* CustomBackNavigationController.swift */; };
		083BC8D725E587C400F8833F /* Array.swift in Sources */ = {isa = PBXBuildFile; fileRef = 083BC8D625E587C400F8833F /* Array.swift */; };
		083BC8DC25E5886D00F8833F /* TransparentNavigationBar.swift in Sources */ = {isa = PBXBuildFile; fileRef = 083BC8DB25E5886D00F8833F /* TransparentNavigationBar.swift */; };
		083BC8E125E5889400F8833F /* PopBackView.swift in Sources */ = {isa = PBXBuildFile; fileRef = 083BC8E025E5889400F8833F /* PopBackView.swift */; };
		083BC8E625E588E700F8833F /* UIColor.swift in Sources */ = {isa = PBXBuildFile; fileRef = 083BC8E525E588E700F8833F /* UIColor.swift */; };
		083BC8EB25E5897300F8833F /* UIView.swift in Sources */ = {isa = PBXBuildFile; fileRef = 083BC8EA25E5897300F8833F /* UIView.swift */; };
		083BC8F125E589A500F8833F /* CallbackWrapper.swift in Sources */ = {isa = PBXBuildFile; fileRef = 083BC8F025E589A500F8833F /* CallbackWrapper.swift */; };
		083BC8FC25E58B2400F8833F /* DefaultAppFoundation.swift in Sources */ = {isa = PBXBuildFile; fileRef = 083BC8FB25E58B2400F8833F /* DefaultAppFoundation.swift */; };
		083BC90125E58BEF00F8833F /* AppFlowController.swift in Sources */ = {isa = PBXBuildFile; fileRef = 083BC90025E58BEF00F8833F /* AppFlowController.swift */; };
		083BC90825E58CB900F8833F /* MovieListFlowController.swift in Sources */ = {isa = PBXBuildFile; fileRef = 083BC90725E58CB900F8833F /* MovieListFlowController.swift */; };
		083BC91025E58D7400F8833F /* MovieListViewController.swift in Sources */ = {isa = PBXBuildFile; fileRef = 083BC90F25E58D7400F8833F /* MovieListViewController.swift */; };
		083BC91525E58D9800F8833F /* MovieListView.swift in Sources */ = {isa = PBXBuildFile; fileRef = 083BC91425E58D9800F8833F /* MovieListView.swift */; };
		083BC91D25E58DD400F8833F /* MovieListViewModel.swift in Sources */ = {isa = PBXBuildFile; fileRef = 083BC91C25E58DD400F8833F /* MovieListViewModel.swift */; };
		0886842125E7F3DF00D053F7 /* MoviesFooterSuplementaryView.swift in Sources */ = {isa = PBXBuildFile; fileRef = 0886842025E7F3DF00D053F7 /* MoviesFooterSuplementaryView.swift */; };
		0886842C25E8180E00D053F7 /* MovieDetailsRequest.swift in Sources */ = {isa = PBXBuildFile; fileRef = 0886842B25E8180E00D053F7 /* MovieDetailsRequest.swift */; };
		0886843125E8181D00D053F7 /* MovieDetailsResponse.swift in Sources */ = {isa = PBXBuildFile; fileRef = 0886843025E8181D00D053F7 /* MovieDetailsResponse.swift */; };
		0886843725E8190A00D053F7 /* MovieDetailsViewController.swift in Sources */ = {isa = PBXBuildFile; fileRef = 0886843625E8190A00D053F7 /* MovieDetailsViewController.swift */; };
		0886843C25E8191B00D053F7 /* MovieDetailsViewModel.swift in Sources */ = {isa = PBXBuildFile; fileRef = 0886843B25E8191B00D053F7 /* MovieDetailsViewModel.swift */; };
		0886844125E8192700D053F7 /* MovieDetailsView.swift in Sources */ = {isa = PBXBuildFile; fileRef = 0886844025E8192700D053F7 /* MovieDetailsView.swift */; };
		089A425925E950E700CA612C /* ErrorMessage.swift in Sources */ = {isa = PBXBuildFile; fileRef = 089A425825E950E700CA612C /* ErrorMessage.swift */; };
		089A426025E9788900CA612C /* MovieSearchRequestTests.swift in Sources */ = {isa = PBXBuildFile; fileRef = 089A425F25E9788900CA612C /* MovieSearchRequestTests.swift */; };
		089A426825E97A8900CA612C /* MovieDetailsRequestTests.swift in Sources */ = {isa = PBXBuildFile; fileRef = 089A426725E97A8900CA612C /* MovieDetailsRequestTests.swift */; };
		089A427125E97BA600CA612C /* MovieSearchResponseJson.json in Resources */ = {isa = PBXBuildFile; fileRef = 089A427025E97BA600CA612C /* MovieSearchResponseJson.json */; };
		089A427925E97C6A00CA612C /* MovieDetailsResponseJson.json in Resources */ = {isa = PBXBuildFile; fileRef = 089A427825E97C6A00CA612C /* MovieDetailsResponseJson.json */; };
		089A428225E97CC300CA612C /* TestBundleJSONDecoder.swift in Sources */ = {isa = PBXBuildFile; fileRef = 089A428125E97CC300CA612C /* TestBundleJSONDecoder.swift */; };
		089A428B25E97D5A00CA612C /* MovieSearchResponseTests.swift in Sources */ = {isa = PBXBuildFile; fileRef = 089A428A25E97D5A00CA612C /* MovieSearchResponseTests.swift */; };
		089A429325E97E9000CA612C /* MovieDetailsResponseTests.swift in Sources */ = {isa = PBXBuildFile; fileRef = 089A429225E97E9000CA612C /* MovieDetailsResponseTests.swift */; };
		089A429B25E981B400CA612C /* APIClientConfigurationTests.swift in Sources */ = {isa = PBXBuildFile; fileRef = 089A429A25E981B400CA612C /* APIClientConfigurationTests.swift */; };
		089A42A025E9822A00CA612C /* APIClientTests.swift in Sources */ = {isa = PBXBuildFile; fileRef = 089A429F25E9822A00CA612C /* APIClientTests.swift */; };
		089A42A625E982D500CA612C /* URLProtocolMock.swift in Sources */ = {isa = PBXBuildFile; fileRef = 089A42A525E982D500CA612C /* URLProtocolMock.swift */; };
		089A42AB25E9830B00CA612C /* APIMocks.swift in Sources */ = {isa = PBXBuildFile; fileRef = 089A42AA25E9830B00CA612C /* APIMocks.swift */; };
		089A42B525E992F600CA612C /* MovieDetailsViewModelTests.swift in Sources */ = {isa = PBXBuildFile; fileRef = 089A42B425E992F600CA612C /* MovieDetailsViewModelTests.swift */; };
		089A42BD25E9930B00CA612C /* MovieListViewModelTests.swift in Sources */ = {isa = PBXBuildFile; fileRef = 089A42BC25E9930B00CA612C /* MovieListViewModelTests.swift */; };
		089A42ED25EA97A700CA612C /* SnapshotTesting in Frameworks */ = {isa = PBXBuildFile; productRef = 089A42EC25EA97A700CA612C /* SnapshotTesting */; };
		089A42F325EA983300CA612C /* MovieListViewControllerSnapTests.swift in Sources */ = {isa = PBXBuildFile; fileRef = 089A42F225EA983300CA612C /* MovieListViewControllerSnapTests.swift */; };
		089A431125EA98FC00CA612C /* UIViewController.swift in Sources */ = {isa = PBXBuildFile; fileRef = 089A431025EA98FC00CA612C /* UIViewController.swift */; };
		089A431725EA997600CA612C /* XCTestCase.swift in Sources */ = {isa = PBXBuildFile; fileRef = 089A431625EA997600CA612C /* XCTestCase.swift */; };
		089A431F25EA9A1B00CA612C /* TestDevices.swift in Sources */ = {isa = PBXBuildFile; fileRef = 089A431E25EA9A1B00CA612C /* TestDevices.swift */; };
		089A432425EA9B4B00CA612C /* MovieDetailsViewControllerSnapTests.swift in Sources */ = {isa = PBXBuildFile; fileRef = 089A432325EA9B4B00CA612C /* MovieDetailsViewControllerSnapTests.swift */; };
		089A433225EAA98900CA612C /* Localizable.swift in Sources */ = {isa = PBXBuildFile; fileRef = 089A433125EAA98900CA612C /* Localizable.swift */; };
		089A433B25EAA9DC00CA612C /* Localizable.strings in Resources */ = {isa = PBXBuildFile; fileRef = 089A433D25EAA9DC00CA612C /* Localizable.strings */; };
		089A434A25EAAE0900CA612C /* String.swift in Sources */ = {isa = PBXBuildFile; fileRef = 089A434925EAAE0900CA612C /* String.swift */; };
		08BAD08225E68EB6007795DC /* Movie.swift in Sources */ = {isa = PBXBuildFile; fileRef = 08BAD08125E68EB6007795DC /* Movie.swift */; };
		08BAD08B25E68F8A007795DC /* MovieCell.swift in Sources */ = {isa = PBXBuildFile; fileRef = 08BAD08A25E68F8A007795DC /* MovieCell.swift */; };
		08BAD09025E6A6C2007795DC /* UICollectionViewCell.swift in Sources */ = {isa = PBXBuildFile; fileRef = 08BAD08F25E6A6C2007795DC /* UICollectionViewCell.swift */; };
		08BAD09525E6A709007795DC /* Dequeuable.swift in Sources */ = {isa = PBXBuildFile; fileRef = 08BAD09425E6A709007795DC /* Dequeuable.swift */; };
		08BAD09B25E6B6C1007795DC /* DefaultAPIClientConfiguration.swift in Sources */ = {isa = PBXBuildFile; fileRef = 08BAD09A25E6B6C1007795DC /* DefaultAPIClientConfiguration.swift */; };
		08BAD0A425E6B713007795DC /* APIClientConfiguration.swift in Sources */ = {isa = PBXBuildFile; fileRef = 08BAD0A325E6B713007795DC /* APIClientConfiguration.swift */; };
		08BAD0A925E6B74F007795DC /* APIRequest.swift in Sources */ = {isa = PBXBuildFile; fileRef = 08BAD0A825E6B74F007795DC /* APIRequest.swift */; };
		08BAD0AE25E6B83B007795DC /* APIResponse.swift in Sources */ = {isa = PBXBuildFile; fileRef = 08BAD0AD25E6B83B007795DC /* APIResponse.swift */; };
		08BAD0B325E6B8E6007795DC /* APIRequestModel.swift in Sources */ = {isa = PBXBuildFile; fileRef = 08BAD0B225E6B8E6007795DC /* APIRequestModel.swift */; };
		08BAD0B825E6B90C007795DC /* Dictionary.swift in Sources */ = {isa = PBXBuildFile; fileRef = 08BAD0B725E6B90C007795DC /* Dictionary.swift */; };
		08BAD0BD25E6B991007795DC /* APIClientError.swift in Sources */ = {isa = PBXBuildFile; fileRef = 08BAD0BC25E6B991007795DC /* APIClientError.swift */; };
		08BAD0C225E6B9B8007795DC /* HumanReadableError.swift in Sources */ = {isa = PBXBuildFile; fileRef = 08BAD0C125E6B9B8007795DC /* HumanReadableError.swift */; };
		08BAD0C725E6BA0E007795DC /* NSError.swift in Sources */ = {isa = PBXBuildFile; fileRef = 08BAD0C625E6BA0E007795DC /* NSError.swift */; };
		08BAD0CC25E6BB73007795DC /* APIClient.swift in Sources */ = {isa = PBXBuildFile; fileRef = 08BAD0CB25E6BB73007795DC /* APIClient.swift */; };
		08BAD0D125E6BC57007795DC /* DefaultAPIClient.swift in Sources */ = {isa = PBXBuildFile; fileRef = 08BAD0D025E6BC57007795DC /* DefaultAPIClient.swift */; };
		08BAD0D625E6BD58007795DC /* URLSession.swift in Sources */ = {isa = PBXBuildFile; fileRef = 08BAD0D525E6BD58007795DC /* URLSession.swift */; };
		08BAD0DF25E6C214007795DC /* MovieSearchRequest.swift in Sources */ = {isa = PBXBuildFile; fileRef = 08BAD0DE25E6C214007795DC /* MovieSearchRequest.swift */; };
		08BAD0E425E6C2D5007795DC /* MovieSearchResponse.swift in Sources */ = {isa = PBXBuildFile; fileRef = 08BAD0E325E6C2D5007795DC /* MovieSearchResponse.swift */; };
		08BAD0EA25E6CE23007795DC /* Kingfisher in Frameworks */ = {isa = PBXBuildFile; productRef = 08BAD0E925E6CE23007795DC /* Kingfisher */; };
/* End PBXBuildFile section */

/* Begin PBXContainerItemProxy section */
		083BC85525E57C6600F8833F /* PBXContainerItemProxy */ = {
			isa = PBXContainerItemProxy;
			containerPortal = 083BC83625E57C6400F8833F /* Project object */;
			proxyType = 1;
			remoteGlobalIDString = 083BC83D25E57C6400F8833F;
			remoteInfo = MovieApp;
		};
		083BC86025E57C6600F8833F /* PBXContainerItemProxy */ = {
			isa = PBXContainerItemProxy;
			containerPortal = 083BC83625E57C6400F8833F /* Project object */;
			proxyType = 1;
			remoteGlobalIDString = 083BC83D25E57C6400F8833F;
			remoteInfo = MovieApp;
		};
/* End PBXContainerItemProxy section */

/* Begin PBXFileReference section */
		083BC83E25E57C6400F8833F /* MovieApp.app */ = {isa = PBXFileReference; explicitFileType = wrapper.application; includeInIndex = 0; path = MovieApp.app; sourceTree = BUILT_PRODUCTS_DIR; };
		083BC84125E57C6400F8833F /* AppDelegate.swift */ = {isa = PBXFileReference; lastKnownFileType = sourcecode.swift; path = AppDelegate.swift; sourceTree = "<group>"; };
		083BC84325E57C6400F8833F /* SceneDelegate.swift */ = {isa = PBXFileReference; lastKnownFileType = sourcecode.swift; path = SceneDelegate.swift; sourceTree = "<group>"; };
		083BC84A25E57C6600F8833F /* Assets.xcassets */ = {isa = PBXFileReference; lastKnownFileType = folder.assetcatalog; path = Assets.xcassets; sourceTree = "<group>"; };
		083BC84D25E57C6600F8833F /* Base */ = {isa = PBXFileReference; lastKnownFileType = file.storyboard; name = Base; path = Base.lproj/LaunchScreen.storyboard; sourceTree = "<group>"; };
		083BC84F25E57C6600F8833F /* Info.plist */ = {isa = PBXFileReference; lastKnownFileType = text.plist.xml; path = Info.plist; sourceTree = "<group>"; };
		083BC85425E57C6600F8833F /* MovieAppTests.xctest */ = {isa = PBXFileReference; explicitFileType = wrapper.cfbundle; includeInIndex = 0; path = MovieAppTests.xctest; sourceTree = BUILT_PRODUCTS_DIR; };
		083BC85A25E57C6600F8833F /* Info.plist */ = {isa = PBXFileReference; lastKnownFileType = text.plist.xml; path = Info.plist; sourceTree = "<group>"; };
		083BC85F25E57C6600F8833F /* MovieAppUITests.xctest */ = {isa = PBXFileReference; explicitFileType = wrapper.cfbundle; includeInIndex = 0; path = MovieAppUITests.xctest; sourceTree = BUILT_PRODUCTS_DIR; };
		083BC86325E57C6600F8833F /* MovieAppUITests.swift */ = {isa = PBXFileReference; lastKnownFileType = sourcecode.swift; path = MovieAppUITests.swift; sourceTree = "<group>"; };
		083BC86525E57C6600F8833F /* Info.plist */ = {isa = PBXFileReference; lastKnownFileType = text.plist.xml; path = Info.plist; sourceTree = "<group>"; };
		083BC89425E5840C00F8833F /* BaseViewController.swift */ = {isa = PBXFileReference; lastKnownFileType = sourcecode.swift; path = BaseViewController.swift; sourceTree = "<group>"; };
		083BC89C25E5846C00F8833F /* BaseView.swift */ = {isa = PBXFileReference; lastKnownFileType = sourcecode.swift; path = BaseView.swift; sourceTree = "<group>"; };
		083BC8A225E584B400F8833F /* ViewSetupable.swift */ = {isa = PBXFileReference; lastKnownFileType = sourcecode.swift; path = ViewSetupable.swift; sourceTree = "<group>"; };
		083BC8AA25E5855C00F8833F /* NavigationFlowController.swift */ = {isa = PBXFileReference; lastKnownFileType = sourcecode.swift; path = NavigationFlowController.swift; sourceTree = "<group>"; };
		083BC8AF25E5858000F8833F /* FlowController.swift */ = {isa = PBXFileReference; lastKnownFileType = sourcecode.swift; path = FlowController.swift; sourceTree = "<group>"; };
		083BC8B425E5860D00F8833F /* BaseFlowController.swift */ = {isa = PBXFileReference; lastKnownFileType = sourcecode.swift; path = BaseFlowController.swift; sourceTree = "<group>"; };
		083BC8B925E5862700F8833F /* NavigationDelegate.swift */ = {isa = PBXFileReference; lastKnownFileType = sourcecode.swift; path = NavigationDelegate.swift; sourceTree = "<group>"; };
		083BC8BE25E5869A00F8833F /* BaseNavigationFlowController.swift */ = {isa = PBXFileReference; lastKnownFileType = sourcecode.swift; path = BaseNavigationFlowController.swift; sourceTree = "<group>"; };
		083BC8C425E5870100F8833F /* AppFoundation.swift */ = {isa = PBXFileReference; lastKnownFileType = sourcecode.swift; path = AppFoundation.swift; sourceTree = "<group>"; };
		083BC8CD25E5875900F8833F /* CustomBackNavigationController.swift */ = {isa = PBXFileReference; lastKnownFileType = sourcecode.swift; path = CustomBackNavigationController.swift; sourceTree = "<group>"; };
		083BC8D625E587C400F8833F /* Array.swift */ = {isa = PBXFileReference; lastKnownFileType = sourcecode.swift; path = Array.swift; sourceTree = "<group>"; };
		083BC8DB25E5886D00F8833F /* TransparentNavigationBar.swift */ = {isa = PBXFileReference; lastKnownFileType = sourcecode.swift; path = TransparentNavigationBar.swift; sourceTree = "<group>"; };
		083BC8E025E5889400F8833F /* PopBackView.swift */ = {isa = PBXFileReference; lastKnownFileType = sourcecode.swift; path = PopBackView.swift; sourceTree = "<group>"; };
		083BC8E525E588E700F8833F /* UIColor.swift */ = {isa = PBXFileReference; lastKnownFileType = sourcecode.swift; path = UIColor.swift; sourceTree = "<group>"; };
		083BC8EA25E5897300F8833F /* UIView.swift */ = {isa = PBXFileReference; lastKnownFileType = sourcecode.swift; path = UIView.swift; sourceTree = "<group>"; };
		083BC8F025E589A500F8833F /* CallbackWrapper.swift */ = {isa = PBXFileReference; lastKnownFileType = sourcecode.swift; path = CallbackWrapper.swift; sourceTree = "<group>"; };
		083BC8FB25E58B2400F8833F /* DefaultAppFoundation.swift */ = {isa = PBXFileReference; lastKnownFileType = sourcecode.swift; path = DefaultAppFoundation.swift; sourceTree = "<group>"; };
		083BC90025E58BEF00F8833F /* AppFlowController.swift */ = {isa = PBXFileReference; lastKnownFileType = sourcecode.swift; path = AppFlowController.swift; sourceTree = "<group>"; };
		083BC90725E58CB900F8833F /* MovieListFlowController.swift */ = {isa = PBXFileReference; lastKnownFileType = sourcecode.swift; path = MovieListFlowController.swift; sourceTree = "<group>"; };
		083BC90F25E58D7400F8833F /* MovieListViewController.swift */ = {isa = PBXFileReference; lastKnownFileType = sourcecode.swift; path = MovieListViewController.swift; sourceTree = "<group>"; };
		083BC91425E58D9800F8833F /* MovieListView.swift */ = {isa = PBXFileReference; lastKnownFileType = sourcecode.swift; path = MovieListView.swift; sourceTree = "<group>"; };
		083BC91C25E58DD400F8833F /* MovieListViewModel.swift */ = {isa = PBXFileReference; lastKnownFileType = sourcecode.swift; path = MovieListViewModel.swift; sourceTree = "<group>"; };
		0886842025E7F3DF00D053F7 /* MoviesFooterSuplementaryView.swift */ = {isa = PBXFileReference; lastKnownFileType = sourcecode.swift; path = MoviesFooterSuplementaryView.swift; sourceTree = "<group>"; };
		0886842B25E8180E00D053F7 /* MovieDetailsRequest.swift */ = {isa = PBXFileReference; lastKnownFileType = sourcecode.swift; path = MovieDetailsRequest.swift; sourceTree = "<group>"; };
		0886843025E8181D00D053F7 /* MovieDetailsResponse.swift */ = {isa = PBXFileReference; lastKnownFileType = sourcecode.swift; path = MovieDetailsResponse.swift; sourceTree = "<group>"; };
		0886843625E8190A00D053F7 /* MovieDetailsViewController.swift */ = {isa = PBXFileReference; lastKnownFileType = sourcecode.swift; path = MovieDetailsViewController.swift; sourceTree = "<group>"; };
		0886843B25E8191B00D053F7 /* MovieDetailsViewModel.swift */ = {isa = PBXFileReference; lastKnownFileType = sourcecode.swift; path = MovieDetailsViewModel.swift; sourceTree = "<group>"; };
		0886844025E8192700D053F7 /* MovieDetailsView.swift */ = {isa = PBXFileReference; lastKnownFileType = sourcecode.swift; path = MovieDetailsView.swift; sourceTree = "<group>"; };
		089A425825E950E700CA612C /* ErrorMessage.swift */ = {isa = PBXFileReference; lastKnownFileType = sourcecode.swift; path = ErrorMessage.swift; sourceTree = "<group>"; };
		089A425F25E9788900CA612C /* MovieSearchRequestTests.swift */ = {isa = PBXFileReference; lastKnownFileType = sourcecode.swift; path = MovieSearchRequestTests.swift; sourceTree = "<group>"; };
		089A426725E97A8900CA612C /* MovieDetailsRequestTests.swift */ = {isa = PBXFileReference; lastKnownFileType = sourcecode.swift; path = MovieDetailsRequestTests.swift; sourceTree = "<group>"; };
		089A427025E97BA600CA612C /* MovieSearchResponseJson.json */ = {isa = PBXFileReference; lastKnownFileType = text.json; path = MovieSearchResponseJson.json; sourceTree = "<group>"; };
		089A427825E97C6A00CA612C /* MovieDetailsResponseJson.json */ = {isa = PBXFileReference; lastKnownFileType = text.json; path = MovieDetailsResponseJson.json; sourceTree = "<group>"; xcLanguageSpecificationIdentifier = xcode.lang.json; };
		089A428125E97CC300CA612C /* TestBundleJSONDecoder.swift */ = {isa = PBXFileReference; lastKnownFileType = sourcecode.swift; path = TestBundleJSONDecoder.swift; sourceTree = "<group>"; };
		089A428A25E97D5A00CA612C /* MovieSearchResponseTests.swift */ = {isa = PBXFileReference; lastKnownFileType = sourcecode.swift; path = MovieSearchResponseTests.swift; sourceTree = "<group>"; };
		089A429225E97E9000CA612C /* MovieDetailsResponseTests.swift */ = {isa = PBXFileReference; lastKnownFileType = sourcecode.swift; path = MovieDetailsResponseTests.swift; sourceTree = "<group>"; };
		089A429A25E981B400CA612C /* APIClientConfigurationTests.swift */ = {isa = PBXFileReference; lastKnownFileType = sourcecode.swift; path = APIClientConfigurationTests.swift; sourceTree = "<group>"; };
		089A429F25E9822A00CA612C /* APIClientTests.swift */ = {isa = PBXFileReference; lastKnownFileType = sourcecode.swift; path = APIClientTests.swift; sourceTree = "<group>"; };
		089A42A525E982D500CA612C /* URLProtocolMock.swift */ = {isa = PBXFileReference; lastKnownFileType = sourcecode.swift; path = URLProtocolMock.swift; sourceTree = "<group>"; };
		089A42AA25E9830B00CA612C /* APIMocks.swift */ = {isa = PBXFileReference; lastKnownFileType = sourcecode.swift; path = APIMocks.swift; sourceTree = "<group>"; };
		089A42B425E992F600CA612C /* MovieDetailsViewModelTests.swift */ = {isa = PBXFileReference; lastKnownFileType = sourcecode.swift; path = MovieDetailsViewModelTests.swift; sourceTree = "<group>"; };
		089A42BC25E9930B00CA612C /* MovieListViewModelTests.swift */ = {isa = PBXFileReference; lastKnownFileType = sourcecode.swift; path = MovieListViewModelTests.swift; sourceTree = "<group>"; };
		089A42F225EA983300CA612C /* MovieListViewControllerSnapTests.swift */ = {isa = PBXFileReference; lastKnownFileType = sourcecode.swift; path = MovieListViewControllerSnapTests.swift; sourceTree = "<group>"; };
		089A431025EA98FC00CA612C /* UIViewController.swift */ = {isa = PBXFileReference; lastKnownFileType = sourcecode.swift; path = UIViewController.swift; sourceTree = "<group>"; };
		089A431625EA997600CA612C /* XCTestCase.swift */ = {isa = PBXFileReference; lastKnownFileType = sourcecode.swift; path = XCTestCase.swift; sourceTree = "<group>"; };
		089A431E25EA9A1B00CA612C /* TestDevices.swift */ = {isa = PBXFileReference; lastKnownFileType = sourcecode.swift; path = TestDevices.swift; sourceTree = "<group>"; };
		089A432325EA9B4B00CA612C /* MovieDetailsViewControllerSnapTests.swift */ = {isa = PBXFileReference; lastKnownFileType = sourcecode.swift; path = MovieDetailsViewControllerSnapTests.swift; sourceTree = "<group>"; };
		089A433125EAA98900CA612C /* Localizable.swift */ = {isa = PBXFileReference; lastKnownFileType = sourcecode.swift; path = Localizable.swift; sourceTree = "<group>"; };
		089A433C25EAA9DC00CA612C /* en */ = {isa = PBXFileReference; lastKnownFileType = text.plist.strings; name = en; path = en.lproj/Localizable.strings; sourceTree = "<group>"; };
		089A434225EAAA0900CA612C /* pl */ = {isa = PBXFileReference; lastKnownFileType = text.plist.strings; name = pl; path = pl.lproj/Localizable.strings; sourceTree = "<group>"; };
		089A434925EAAE0900CA612C /* String.swift */ = {isa = PBXFileReference; lastKnownFileType = sourcecode.swift; path = String.swift; sourceTree = "<group>"; };
		08BAD08125E68EB6007795DC /* Movie.swift */ = {isa = PBXFileReference; lastKnownFileType = sourcecode.swift; path = Movie.swift; sourceTree = "<group>"; };
		08BAD08A25E68F8A007795DC /* MovieCell.swift */ = {isa = PBXFileReference; lastKnownFileType = sourcecode.swift; path = MovieCell.swift; sourceTree = "<group>"; };
		08BAD08F25E6A6C2007795DC /* UICollectionViewCell.swift */ = {isa = PBXFileReference; lastKnownFileType = sourcecode.swift; path = UICollectionViewCell.swift; sourceTree = "<group>"; };
		08BAD09425E6A709007795DC /* Dequeuable.swift */ = {isa = PBXFileReference; lastKnownFileType = sourcecode.swift; path = Dequeuable.swift; sourceTree = "<group>"; };
		08BAD09A25E6B6C1007795DC /* DefaultAPIClientConfiguration.swift */ = {isa = PBXFileReference; lastKnownFileType = sourcecode.swift; path = DefaultAPIClientConfiguration.swift; sourceTree = "<group>"; };
		08BAD0A325E6B713007795DC /* APIClientConfiguration.swift */ = {isa = PBXFileReference; lastKnownFileType = sourcecode.swift; path = APIClientConfiguration.swift; sourceTree = "<group>"; };
		08BAD0A825E6B74F007795DC /* APIRequest.swift */ = {isa = PBXFileReference; lastKnownFileType = sourcecode.swift; path = APIRequest.swift; sourceTree = "<group>"; };
		08BAD0AD25E6B83B007795DC /* APIResponse.swift */ = {isa = PBXFileReference; lastKnownFileType = sourcecode.swift; path = APIResponse.swift; sourceTree = "<group>"; };
		08BAD0B225E6B8E6007795DC /* APIRequestModel.swift */ = {isa = PBXFileReference; lastKnownFileType = sourcecode.swift; path = APIRequestModel.swift; sourceTree = "<group>"; };
		08BAD0B725E6B90C007795DC /* Dictionary.swift */ = {isa = PBXFileReference; lastKnownFileType = sourcecode.swift; path = Dictionary.swift; sourceTree = "<group>"; };
		08BAD0BC25E6B991007795DC /* APIClientError.swift */ = {isa = PBXFileReference; lastKnownFileType = sourcecode.swift; path = APIClientError.swift; sourceTree = "<group>"; };
		08BAD0C125E6B9B8007795DC /* HumanReadableError.swift */ = {isa = PBXFileReference; lastKnownFileType = sourcecode.swift; path = HumanReadableError.swift; sourceTree = "<group>"; };
		08BAD0C625E6BA0E007795DC /* NSError.swift */ = {isa = PBXFileReference; lastKnownFileType = sourcecode.swift; path = NSError.swift; sourceTree = "<group>"; };
		08BAD0CB25E6BB73007795DC /* APIClient.swift */ = {isa = PBXFileReference; lastKnownFileType = sourcecode.swift; path = APIClient.swift; sourceTree = "<group>"; };
		08BAD0D025E6BC57007795DC /* DefaultAPIClient.swift */ = {isa = PBXFileReference; lastKnownFileType = sourcecode.swift; path = DefaultAPIClient.swift; sourceTree = "<group>"; };
		08BAD0D525E6BD58007795DC /* URLSession.swift */ = {isa = PBXFileReference; lastKnownFileType = sourcecode.swift; path = URLSession.swift; sourceTree = "<group>"; };
		08BAD0DE25E6C214007795DC /* MovieSearchRequest.swift */ = {isa = PBXFileReference; lastKnownFileType = sourcecode.swift; path = MovieSearchRequest.swift; sourceTree = "<group>"; };
		08BAD0E325E6C2D5007795DC /* MovieSearchResponse.swift */ = {isa = PBXFileReference; lastKnownFileType = sourcecode.swift; path = MovieSearchResponse.swift; sourceTree = "<group>"; };
/* End PBXFileReference section */

/* Begin PBXFrameworksBuildPhase section */
		083BC83B25E57C6400F8833F /* Frameworks */ = {
			isa = PBXFrameworksBuildPhase;
			buildActionMask = 2147483647;
			files = (
				08BAD0EA25E6CE23007795DC /* Kingfisher in Frameworks */,
			);
			runOnlyForDeploymentPostprocessing = 0;
		};
		083BC85125E57C6600F8833F /* Frameworks */ = {
			isa = PBXFrameworksBuildPhase;
			buildActionMask = 2147483647;
			files = (
				089A42ED25EA97A700CA612C /* SnapshotTesting in Frameworks */,
			);
			runOnlyForDeploymentPostprocessing = 0;
		};
		083BC85C25E57C6600F8833F /* Frameworks */ = {
			isa = PBXFrameworksBuildPhase;
			buildActionMask = 2147483647;
			files = (
			);
			runOnlyForDeploymentPostprocessing = 0;
		};
/* End PBXFrameworksBuildPhase section */

/* Begin PBXGroup section */
		083BC83525E57C6400F8833F = {
			isa = PBXGroup;
			children = (
				083BC84025E57C6400F8833F /* MovieApp */,
				083BC85725E57C6600F8833F /* MovieAppTests */,
				083BC86225E57C6600F8833F /* MovieAppUITests */,
				083BC83F25E57C6400F8833F /* Products */,
				089A42D925EA7F2E00CA612C /* Frameworks */,
			);
			sourceTree = "<group>";
		};
		083BC83F25E57C6400F8833F /* Products */ = {
			isa = PBXGroup;
			children = (
				083BC83E25E57C6400F8833F /* MovieApp.app */,
				083BC85425E57C6600F8833F /* MovieAppTests.xctest */,
				083BC85F25E57C6600F8833F /* MovieAppUITests.xctest */,
			);
			name = Products;
			sourceTree = "<group>";
		};
		083BC84025E57C6400F8833F /* MovieApp */ = {
			isa = PBXGroup;
			children = (
				083BC89125E583A200F8833F /* Source Files */,
				08BAD07C25E68A4E007795DC /* Resources */,
				083BC84C25E57C6600F8833F /* LaunchScreen.storyboard */,
				083BC84F25E57C6600F8833F /* Info.plist */,
			);
			path = MovieApp;
			sourceTree = "<group>";
		};
		083BC85725E57C6600F8833F /* MovieAppTests */ = {
			isa = PBXGroup;
			children = (
				089A426F25E97B4F00CA612C /* Supporting Files */,
				089A428025E97CAB00CA612C /* Helpers */,
				089A431525EA996A00CA612C /* Extension */,
				089A42F125EA980C00CA612C /* Snapshot tests */,
				089A42B225E9927300CA612C /* Modules */,
				089A425D25E9782700CA612C /* API */,
				083BC85A25E57C6600F8833F /* Info.plist */,
			);
			path = MovieAppTests;
			sourceTree = "<group>";
		};
		083BC86225E57C6600F8833F /* MovieAppUITests */ = {
			isa = PBXGroup;
			children = (
				083BC86325E57C6600F8833F /* MovieAppUITests.swift */,
				083BC86525E57C6600F8833F /* Info.plist */,
			);
			path = MovieAppUITests;
			sourceTree = "<group>";
		};
		083BC89125E583A200F8833F /* Source Files */ = {
			isa = PBXGroup;
			children = (
				08BAD09925E6B6AD007795DC /* API */,
				083BC90525E58C8900F8833F /* Modules */,
				083BC8C325E586C300F8833F /* Application */,
				083BC89225E583B500F8833F /* Common */,
			);
			path = "Source Files";
			sourceTree = "<group>";
		};
		083BC89225E583B500F8833F /* Common */ = {
			isa = PBXGroup;
			children = (
				08BAD08025E68EAA007795DC /* Models */,
				083BC8EF25E5899700F8833F /* Helpers */,
				083BC8D525E587B500F8833F /* Extensions */,
				083BC8CC25E5872F00F8833F /* Views */,
				083BC8A125E5849A00F8833F /* Protocols */,
				083BC89325E583BC00F8833F /* Abstract */,
			);
			path = Common;
			sourceTree = "<group>";
		};
		083BC89325E583BC00F8833F /* Abstract */ = {
			isa = PBXGroup;
			children = (
				083BC89C25E5846C00F8833F /* BaseView.swift */,
				083BC89425E5840C00F8833F /* BaseViewController.swift */,
				083BC8B425E5860D00F8833F /* BaseFlowController.swift */,
				083BC8BE25E5869A00F8833F /* BaseNavigationFlowController.swift */,
			);
			path = Abstract;
			sourceTree = "<group>";
		};
		083BC8A125E5849A00F8833F /* Protocols */ = {
			isa = PBXGroup;
			children = (
				083BC8A225E584B400F8833F /* ViewSetupable.swift */,
				083BC8AF25E5858000F8833F /* FlowController.swift */,
				083BC8AA25E5855C00F8833F /* NavigationFlowController.swift */,
				083BC8B925E5862700F8833F /* NavigationDelegate.swift */,
				08BAD09425E6A709007795DC /* Dequeuable.swift */,
			);
			path = Protocols;
			sourceTree = "<group>";
		};
		083BC8C325E586C300F8833F /* Application */ = {
			isa = PBXGroup;
			children = (
				083BC84325E57C6400F8833F /* SceneDelegate.swift */,
				083BC84125E57C6400F8833F /* AppDelegate.swift */,
				083BC8C425E5870100F8833F /* AppFoundation.swift */,
				083BC8FB25E58B2400F8833F /* DefaultAppFoundation.swift */,
				083BC90025E58BEF00F8833F /* AppFlowController.swift */,
			);
			path = Application;
			sourceTree = "<group>";
		};
		083BC8CC25E5872F00F8833F /* Views */ = {
			isa = PBXGroup;
			children = (
				083BC8CD25E5875900F8833F /* CustomBackNavigationController.swift */,
				083BC8DB25E5886D00F8833F /* TransparentNavigationBar.swift */,
				083BC8E025E5889400F8833F /* PopBackView.swift */,
			);
			path = Views;
			sourceTree = "<group>";
		};
		083BC8D525E587B500F8833F /* Extensions */ = {
			isa = PBXGroup;
			children = (
				083BC8D625E587C400F8833F /* Array.swift */,
				083BC8E525E588E700F8833F /* UIColor.swift */,
				083BC8EA25E5897300F8833F /* UIView.swift */,
				08BAD08F25E6A6C2007795DC /* UICollectionViewCell.swift */,
				08BAD0B725E6B90C007795DC /* Dictionary.swift */,
				08BAD0C625E6BA0E007795DC /* NSError.swift */,
				08BAD0D525E6BD58007795DC /* URLSession.swift */,
				089A431025EA98FC00CA612C /* UIViewController.swift */,
				089A434925EAAE0900CA612C /* String.swift */,
			);
			path = Extensions;
			sourceTree = "<group>";
		};
		083BC8EF25E5899700F8833F /* Helpers */ = {
			isa = PBXGroup;
			children = (
				083BC8F025E589A500F8833F /* CallbackWrapper.swift */,
			);
			path = Helpers;
			sourceTree = "<group>";
		};
		083BC90525E58C8900F8833F /* Modules */ = {
			isa = PBXGroup;
			children = (
				0886843525E818EF00D053F7 /* MovieDetails */,
				083BC90625E58CA400F8833F /* MovieList */,
			);
			path = Modules;
			sourceTree = "<group>";
		};
		083BC90625E58CA400F8833F /* MovieList */ = {
			isa = PBXGroup;
			children = (
				0886841F25E7F3BF00D053F7 /* Footer */,
				08BAD08925E68F7C007795DC /* Cells */,
				083BC90725E58CB900F8833F /* MovieListFlowController.swift */,
				083BC90F25E58D7400F8833F /* MovieListViewController.swift */,
				083BC91C25E58DD400F8833F /* MovieListViewModel.swift */,
				083BC91425E58D9800F8833F /* MovieListView.swift */,
			);
			path = MovieList;
			sourceTree = "<group>";
		};
		0886841F25E7F3BF00D053F7 /* Footer */ = {
			isa = PBXGroup;
			children = (
				0886842025E7F3DF00D053F7 /* MoviesFooterSuplementaryView.swift */,
			);
			path = Footer;
			sourceTree = "<group>";
		};
		0886843525E818EF00D053F7 /* MovieDetails */ = {
			isa = PBXGroup;
			children = (
				0886843625E8190A00D053F7 /* MovieDetailsViewController.swift */,
				0886843B25E8191B00D053F7 /* MovieDetailsViewModel.swift */,
				0886844025E8192700D053F7 /* MovieDetailsView.swift */,
			);
			path = MovieDetails;
			sourceTree = "<group>";
		};
		089A425D25E9782700CA612C /* API */ = {
			isa = PBXGroup;
			children = (
				089A425E25E9784000CA612C /* Requests */,
				089A428925E97D4100CA612C /* Responses */,
				089A429A25E981B400CA612C /* APIClientConfigurationTests.swift */,
				089A429F25E9822A00CA612C /* APIClientTests.swift */,
			);
			path = API;
			sourceTree = "<group>";
		};
		089A425E25E9784000CA612C /* Requests */ = {
			isa = PBXGroup;
			children = (
				089A425F25E9788900CA612C /* MovieSearchRequestTests.swift */,
				089A426725E97A8900CA612C /* MovieDetailsRequestTests.swift */,
			);
			path = Requests;
			sourceTree = "<group>";
		};
		089A426F25E97B4F00CA612C /* Supporting Files */ = {
			isa = PBXGroup;
			children = (
				089A427025E97BA600CA612C /* MovieSearchResponseJson.json */,
				089A427825E97C6A00CA612C /* MovieDetailsResponseJson.json */,
			);
			path = "Supporting Files";
			sourceTree = "<group>";
		};
		089A428025E97CAB00CA612C /* Helpers */ = {
			isa = PBXGroup;
			children = (
				089A428125E97CC300CA612C /* TestBundleJSONDecoder.swift */,
			);
			path = Helpers;
			sourceTree = "<group>";
		};
		089A428925E97D4100CA612C /* Responses */ = {
			isa = PBXGroup;
			children = (
				089A428A25E97D5A00CA612C /* MovieSearchResponseTests.swift */,
				089A429225E97E9000CA612C /* MovieDetailsResponseTests.swift */,
			);
			path = Responses;
			sourceTree = "<group>";
		};
		089A42A425E982C800CA612C /* Mocks */ = {
			isa = PBXGroup;
			children = (
				089A42A525E982D500CA612C /* URLProtocolMock.swift */,
				089A42AA25E9830B00CA612C /* APIMocks.swift */,
			);
			path = Mocks;
			sourceTree = "<group>";
		};
		089A42B225E9927300CA612C /* Modules */ = {
			isa = PBXGroup;
			children = (
				089A42B325E9927A00CA612C /* ViewModels */,
			);
			path = Modules;
			sourceTree = "<group>";
		};
		089A42B325E9927A00CA612C /* ViewModels */ = {
			isa = PBXGroup;
			children = (
				089A42BC25E9930B00CA612C /* MovieListViewModelTests.swift */,
				089A42B425E992F600CA612C /* MovieDetailsViewModelTests.swift */,
			);
			path = ViewModels;
			sourceTree = "<group>";
		};
		089A42D925EA7F2E00CA612C /* Frameworks */ = {
			isa = PBXGroup;
			children = (
			);
			name = Frameworks;
			sourceTree = "<group>";
		};
		089A42F125EA980C00CA612C /* Snapshot tests */ = {
			isa = PBXGroup;
			children = (
				089A42F225EA983300CA612C /* MovieListViewControllerSnapTests.swift */,
				089A432325EA9B4B00CA612C /* MovieDetailsViewControllerSnapTests.swift */,
				089A431E25EA9A1B00CA612C /* TestDevices.swift */,
			);
			path = "Snapshot tests";
			sourceTree = "<group>";
		};
		089A431525EA996A00CA612C /* Extension */ = {
			isa = PBXGroup;
			children = (
				089A431625EA997600CA612C /* XCTestCase.swift */,
			);
			path = Extension;
			sourceTree = "<group>";
		};
		08BAD07C25E68A4E007795DC /* Resources */ = {
			isa = PBXGroup;
			children = (
				083BC84A25E57C6600F8833F /* Assets.xcassets */,
				089A433125EAA98900CA612C /* Localizable.swift */,
				089A433D25EAA9DC00CA612C /* Localizable.strings */,
			);
			path = Resources;
			sourceTree = "<group>";
		};
		08BAD08025E68EAA007795DC /* Models */ = {
			isa = PBXGroup;
			children = (
				08BAD08125E68EB6007795DC /* Movie.swift */,
			);
			path = Models;
			sourceTree = "<group>";
		};
		08BAD08925E68F7C007795DC /* Cells */ = {
			isa = PBXGroup;
			children = (
				08BAD08A25E68F8A007795DC /* MovieCell.swift */,
			);
			path = Cells;
			sourceTree = "<group>";
		};
		08BAD09925E6B6AD007795DC /* API */ = {
			isa = PBXGroup;
			children = (
				089A42A425E982C800CA612C /* Mocks */,
				08BAD0DA25E6BF77007795DC /* Requests */,
				08BAD0A225E6B6F7007795DC /* Abstraction */,
				08BAD09A25E6B6C1007795DC /* DefaultAPIClientConfiguration.swift */,
				08BAD0D025E6BC57007795DC /* DefaultAPIClient.swift */,
			);
			path = API;
			sourceTree = "<group>";
		};
		08BAD0A225E6B6F7007795DC /* Abstraction */ = {
			isa = PBXGroup;
			children = (
				08BAD0A325E6B713007795DC /* APIClientConfiguration.swift */,
				08BAD0A825E6B74F007795DC /* APIRequest.swift */,
				08BAD0AD25E6B83B007795DC /* APIResponse.swift */,
				08BAD0B225E6B8E6007795DC /* APIRequestModel.swift */,
				08BAD0BC25E6B991007795DC /* APIClientError.swift */,
				089A425825E950E700CA612C /* ErrorMessage.swift */,
				08BAD0C125E6B9B8007795DC /* HumanReadableError.swift */,
				08BAD0CB25E6BB73007795DC /* APIClient.swift */,
			);
			path = Abstraction;
			sourceTree = "<group>";
		};
		08BAD0DA25E6BF77007795DC /* Requests */ = {
			isa = PBXGroup;
			children = (
				08BAD0DE25E6C214007795DC /* MovieSearchRequest.swift */,
				08BAD0E325E6C2D5007795DC /* MovieSearchResponse.swift */,
				0886842B25E8180E00D053F7 /* MovieDetailsRequest.swift */,
				0886843025E8181D00D053F7 /* MovieDetailsResponse.swift */,
			);
			path = Requests;
			sourceTree = "<group>";
		};
/* End PBXGroup section */

/* Begin PBXNativeTarget section */
		083BC83D25E57C6400F8833F /* MovieApp */ = {
			isa = PBXNativeTarget;
			buildConfigurationList = 083BC86825E57C6600F8833F /* Build configuration list for PBXNativeTarget "MovieApp" */;
			buildPhases = (
				083BC83A25E57C6400F8833F /* Sources */,
				083BC83B25E57C6400F8833F /* Frameworks */,
				083BC83C25E57C6400F8833F /* Resources */,
				083BC88A25E581FA00F8833F /* Swift Lint */,
			);
			buildRules = (
			);
			dependencies = (
			);
			name = MovieApp;
			packageProductDependencies = (
				08BAD0E925E6CE23007795DC /* Kingfisher */,
			);
			productName = MovieApp;
			productReference = 083BC83E25E57C6400F8833F /* MovieApp.app */;
			productType = "com.apple.product-type.application";
		};
		083BC85325E57C6600F8833F /* MovieAppTests */ = {
			isa = PBXNativeTarget;
			buildConfigurationList = 083BC86B25E57C6600F8833F /* Build configuration list for PBXNativeTarget "MovieAppTests" */;
			buildPhases = (
				083BC85025E57C6600F8833F /* Sources */,
				083BC85125E57C6600F8833F /* Frameworks */,
				083BC85225E57C6600F8833F /* Resources */,
			);
			buildRules = (
			);
			dependencies = (
				083BC85625E57C6600F8833F /* PBXTargetDependency */,
			);
			name = MovieAppTests;
			packageProductDependencies = (
				089A42EC25EA97A700CA612C /* SnapshotTesting */,
			);
			productName = MovieAppTests;
			productReference = 083BC85425E57C6600F8833F /* MovieAppTests.xctest */;
			productType = "com.apple.product-type.bundle.unit-test";
		};
		083BC85E25E57C6600F8833F /* MovieAppUITests */ = {
			isa = PBXNativeTarget;
			buildConfigurationList = 083BC86E25E57C6600F8833F /* Build configuration list for PBXNativeTarget "MovieAppUITests" */;
			buildPhases = (
				083BC85B25E57C6600F8833F /* Sources */,
				083BC85C25E57C6600F8833F /* Frameworks */,
				083BC85D25E57C6600F8833F /* Resources */,
			);
			buildRules = (
			);
			dependencies = (
				083BC86125E57C6600F8833F /* PBXTargetDependency */,
			);
			name = MovieAppUITests;
			productName = MovieAppUITests;
			productReference = 083BC85F25E57C6600F8833F /* MovieAppUITests.xctest */;
			productType = "com.apple.product-type.bundle.ui-testing";
		};
/* End PBXNativeTarget section */

/* Begin PBXProject section */
		083BC83625E57C6400F8833F /* Project object */ = {
			isa = PBXProject;
			attributes = {
				LastSwiftUpdateCheck = 1240;
				LastUpgradeCheck = 1240;
				TargetAttributes = {
					083BC83D25E57C6400F8833F = {
						CreatedOnToolsVersion = 12.4;
					};
					083BC85325E57C6600F8833F = {
						CreatedOnToolsVersion = 12.4;
						TestTargetID = 083BC83D25E57C6400F8833F;
					};
					083BC85E25E57C6600F8833F = {
						CreatedOnToolsVersion = 12.4;
						TestTargetID = 083BC83D25E57C6400F8833F;
					};
				};
			};
			buildConfigurationList = 083BC83925E57C6400F8833F /* Build configuration list for PBXProject "MovieApp" */;
			compatibilityVersion = "Xcode 9.3";
			developmentRegion = en;
			hasScannedForEncodings = 0;
			knownRegions = (
				en,
				Base,
				pl,
			);
			mainGroup = 083BC83525E57C6400F8833F;
			packageReferences = (
				08BAD0E825E6CE23007795DC /* XCRemoteSwiftPackageReference "Kingfisher" */,
				089A42EB25EA97A700CA612C /* XCRemoteSwiftPackageReference "swift-snapshot-testing" */,
			);
			productRefGroup = 083BC83F25E57C6400F8833F /* Products */;
			projectDirPath = "";
			projectRoot = "";
			targets = (
				083BC83D25E57C6400F8833F /* MovieApp */,
				083BC85325E57C6600F8833F /* MovieAppTests */,
				083BC85E25E57C6600F8833F /* MovieAppUITests */,
			);
		};
/* End PBXProject section */

/* Begin PBXResourcesBuildPhase section */
		083BC83C25E57C6400F8833F /* Resources */ = {
			isa = PBXResourcesBuildPhase;
			buildActionMask = 2147483647;
			files = (
				083BC84E25E57C6600F8833F /* LaunchScreen.storyboard in Resources */,
				089A433B25EAA9DC00CA612C /* Localizable.strings in Resources */,
				083BC84B25E57C6600F8833F /* Assets.xcassets in Resources */,
			);
			runOnlyForDeploymentPostprocessing = 0;
		};
		083BC85225E57C6600F8833F /* Resources */ = {
			isa = PBXResourcesBuildPhase;
			buildActionMask = 2147483647;
			files = (
				089A427125E97BA600CA612C /* MovieSearchResponseJson.json in Resources */,
				089A427925E97C6A00CA612C /* MovieDetailsResponseJson.json in Resources */,
			);
			runOnlyForDeploymentPostprocessing = 0;
		};
		083BC85D25E57C6600F8833F /* Resources */ = {
			isa = PBXResourcesBuildPhase;
			buildActionMask = 2147483647;
			files = (
			);
			runOnlyForDeploymentPostprocessing = 0;
		};
/* End PBXResourcesBuildPhase section */

/* Begin PBXShellScriptBuildPhase section */
		083BC88A25E581FA00F8833F /* Swift Lint */ = {
			isa = PBXShellScriptBuildPhase;
			buildActionMask = 2147483647;
			files = (
			);
			inputFileListPaths = (
			);
			inputPaths = (
			);
			name = "Swift Lint";
			outputFileListPaths = (
			);
			outputPaths = (
			);
			runOnlyForDeploymentPostprocessing = 0;
			shellPath = /bin/sh;
			shellScript = "if which swiftlint >/dev/null; then\n  swiftlint\nelse\n  echo \"warning: SwiftLint not installed, download from https://github.com/realm/SwiftLint\"\nfi\n";
		};
/* End PBXShellScriptBuildPhase section */

/* Begin PBXSourcesBuildPhase section */
		083BC83A25E57C6400F8833F /* Sources */ = {
			isa = PBXSourcesBuildPhase;
			buildActionMask = 2147483647;
			files = (
				08BAD08B25E68F8A007795DC /* MovieCell.swift in Sources */,
				083BC91525E58D9800F8833F /* MovieListView.swift in Sources */,
				08BAD0D625E6BD58007795DC /* URLSession.swift in Sources */,
				083BC91025E58D7400F8833F /* MovieListViewController.swift in Sources */,
				083BC8BF25E5869A00F8833F /* BaseNavigationFlowController.swift in Sources */,
				089A42A625E982D500CA612C /* URLProtocolMock.swift in Sources */,
				083BC8FC25E58B2400F8833F /* DefaultAppFoundation.swift in Sources */,
				08BAD08225E68EB6007795DC /* Movie.swift in Sources */,
				083BC90125E58BEF00F8833F /* AppFlowController.swift in Sources */,
				089A425925E950E700CA612C /* ErrorMessage.swift in Sources */,
				083BC8C525E5870100F8833F /* AppFoundation.swift in Sources */,
				083BC89525E5840C00F8833F /* BaseViewController.swift in Sources */,
				089A433225EAA98900CA612C /* Localizable.swift in Sources */,
				08BAD0B325E6B8E6007795DC /* APIRequestModel.swift in Sources */,
				083BC8B525E5860D00F8833F /* BaseFlowController.swift in Sources */,
				083BC8DC25E5886D00F8833F /* TransparentNavigationBar.swift in Sources */,
				083BC8E625E588E700F8833F /* UIColor.swift in Sources */,
				0886843725E8190A00D053F7 /* MovieDetailsViewController.swift in Sources */,
				08BAD0BD25E6B991007795DC /* APIClientError.swift in Sources */,
				083BC8AB25E5855C00F8833F /* NavigationFlowController.swift in Sources */,
				083BC90825E58CB900F8833F /* MovieListFlowController.swift in Sources */,
				0886844125E8192700D053F7 /* MovieDetailsView.swift in Sources */,
				083BC8E125E5889400F8833F /* PopBackView.swift in Sources */,
				083BC8B025E5858000F8833F /* FlowController.swift in Sources */,
				0886842C25E8180E00D053F7 /* MovieDetailsRequest.swift in Sources */,
				083BC89D25E5846C00F8833F /* BaseView.swift in Sources */,
				08BAD0C725E6BA0E007795DC /* NSError.swift in Sources */,
				083BC8BA25E5862700F8833F /* NavigationDelegate.swift in Sources */,
				083BC8D725E587C400F8833F /* Array.swift in Sources */,
				08BAD09B25E6B6C1007795DC /* DefaultAPIClientConfiguration.swift in Sources */,
				089A434A25EAAE0900CA612C /* String.swift in Sources */,
				08BAD0DF25E6C214007795DC /* MovieSearchRequest.swift in Sources */,
				083BC84225E57C6400F8833F /* AppDelegate.swift in Sources */,
				08BAD0AE25E6B83B007795DC /* APIResponse.swift in Sources */,
				08BAD0CC25E6BB73007795DC /* APIClient.swift in Sources */,
				083BC8A325E584B400F8833F /* ViewSetupable.swift in Sources */,
				0886843125E8181D00D053F7 /* MovieDetailsResponse.swift in Sources */,
				083BC8CE25E5875900F8833F /* CustomBackNavigationController.swift in Sources */,
				083BC8EB25E5897300F8833F /* UIView.swift in Sources */,
				0886843C25E8191B00D053F7 /* MovieDetailsViewModel.swift in Sources */,
				0886842125E7F3DF00D053F7 /* MoviesFooterSuplementaryView.swift in Sources */,
				08BAD09025E6A6C2007795DC /* UICollectionViewCell.swift in Sources */,
				08BAD09525E6A709007795DC /* Dequeuable.swift in Sources */,
				08BAD0A925E6B74F007795DC /* APIRequest.swift in Sources */,
				083BC8F125E589A500F8833F /* CallbackWrapper.swift in Sources */,
				083BC84425E57C6400F8833F /* SceneDelegate.swift in Sources */,
				08BAD0D125E6BC57007795DC /* DefaultAPIClient.swift in Sources */,
				08BAD0B825E6B90C007795DC /* Dictionary.swift in Sources */,
				089A431125EA98FC00CA612C /* UIViewController.swift in Sources */,
				089A42AB25E9830B00CA612C /* APIMocks.swift in Sources */,
				08BAD0A425E6B713007795DC /* APIClientConfiguration.swift in Sources */,
				08BAD0E425E6C2D5007795DC /* MovieSearchResponse.swift in Sources */,
				08BAD0C225E6B9B8007795DC /* HumanReadableError.swift in Sources */,
				083BC91D25E58DD400F8833F /* MovieListViewModel.swift in Sources */,
			);
			runOnlyForDeploymentPostprocessing = 0;
		};
		083BC85025E57C6600F8833F /* Sources */ = {
			isa = PBXSourcesBuildPhase;
			buildActionMask = 2147483647;
			files = (
				089A42B525E992F600CA612C /* MovieDetailsViewModelTests.swift in Sources */,
				089A429325E97E9000CA612C /* MovieDetailsResponseTests.swift in Sources */,
				089A431725EA997600CA612C /* XCTestCase.swift in Sources */,
				089A428225E97CC300CA612C /* TestBundleJSONDecoder.swift in Sources */,
				089A429B25E981B400CA612C /* APIClientConfigurationTests.swift in Sources */,
				089A42A025E9822A00CA612C /* APIClientTests.swift in Sources */,
				089A426025E9788900CA612C /* MovieSearchRequestTests.swift in Sources */,
				089A431F25EA9A1B00CA612C /* TestDevices.swift in Sources */,
				089A428B25E97D5A00CA612C /* MovieSearchResponseTests.swift in Sources */,
				089A426825E97A8900CA612C /* MovieDetailsRequestTests.swift in Sources */,
				089A42BD25E9930B00CA612C /* MovieListViewModelTests.swift in Sources */,
				089A42F325EA983300CA612C /* MovieListViewControllerSnapTests.swift in Sources */,
				089A432425EA9B4B00CA612C /* MovieDetailsViewControllerSnapTests.swift in Sources */,
			);
			runOnlyForDeploymentPostprocessing = 0;
		};
		083BC85B25E57C6600F8833F /* Sources */ = {
			isa = PBXSourcesBuildPhase;
			buildActionMask = 2147483647;
			files = (
				083BC86425E57C6600F8833F /* MovieAppUITests.swift in Sources */,
			);
			runOnlyForDeploymentPostprocessing = 0;
		};
/* End PBXSourcesBuildPhase section */

/* Begin PBXTargetDependency section */
		083BC85625E57C6600F8833F /* PBXTargetDependency */ = {
			isa = PBXTargetDependency;
			target = 083BC83D25E57C6400F8833F /* MovieApp */;
			targetProxy = 083BC85525E57C6600F8833F /* PBXContainerItemProxy */;
		};
		083BC86125E57C6600F8833F /* PBXTargetDependency */ = {
			isa = PBXTargetDependency;
			target = 083BC83D25E57C6400F8833F /* MovieApp */;
			targetProxy = 083BC86025E57C6600F8833F /* PBXContainerItemProxy */;
		};
/* End PBXTargetDependency section */

/* Begin PBXVariantGroup section */
		083BC84C25E57C6600F8833F /* LaunchScreen.storyboard */ = {
			isa = PBXVariantGroup;
			children = (
				083BC84D25E57C6600F8833F /* Base */,
			);
			name = LaunchScreen.storyboard;
			sourceTree = "<group>";
		};
		089A433D25EAA9DC00CA612C /* Localizable.strings */ = {
			isa = PBXVariantGroup;
			children = (
				089A433C25EAA9DC00CA612C /* en */,
				089A434225EAAA0900CA612C /* pl */,
			);
			name = Localizable.strings;
			sourceTree = "<group>";
		};
/* End PBXVariantGroup section */

/* Begin XCBuildConfiguration section */
		083BC86625E57C6600F8833F /* Debug */ = {
			isa = XCBuildConfiguration;
			buildSettings = {
				ALWAYS_SEARCH_USER_PATHS = NO;
				CLANG_ANALYZER_LOCALIZABILITY_NONLOCALIZED = YES;
				CLANG_ANALYZER_NONNULL = YES;
				CLANG_ANALYZER_NUMBER_OBJECT_CONVERSION = YES_AGGRESSIVE;
				CLANG_CXX_LANGUAGE_STANDARD = "gnu++14";
				CLANG_CXX_LIBRARY = "libc++";
				CLANG_ENABLE_MODULES = YES;
				CLANG_ENABLE_OBJC_ARC = YES;
				CLANG_ENABLE_OBJC_WEAK = YES;
				CLANG_WARN_BLOCK_CAPTURE_AUTORELEASING = YES;
				CLANG_WARN_BOOL_CONVERSION = YES;
				CLANG_WARN_COMMA = YES;
				CLANG_WARN_CONSTANT_CONVERSION = YES;
				CLANG_WARN_DEPRECATED_OBJC_IMPLEMENTATIONS = YES;
				CLANG_WARN_DIRECT_OBJC_ISA_USAGE = YES_ERROR;
				CLANG_WARN_DOCUMENTATION_COMMENTS = YES;
				CLANG_WARN_EMPTY_BODY = YES;
				CLANG_WARN_ENUM_CONVERSION = YES;
				CLANG_WARN_INFINITE_RECURSION = YES;
				CLANG_WARN_INT_CONVERSION = YES;
				CLANG_WARN_NON_LITERAL_NULL_CONVERSION = YES;
				CLANG_WARN_OBJC_IMPLICIT_RETAIN_SELF = YES;
				CLANG_WARN_OBJC_LITERAL_CONVERSION = YES;
				CLANG_WARN_OBJC_ROOT_CLASS = YES_ERROR;
				CLANG_WARN_QUOTED_INCLUDE_IN_FRAMEWORK_HEADER = YES;
				CLANG_WARN_RANGE_LOOP_ANALYSIS = YES;
				CLANG_WARN_STRICT_PROTOTYPES = YES;
				CLANG_WARN_SUSPICIOUS_MOVE = YES;
				CLANG_WARN_UNGUARDED_AVAILABILITY = YES_AGGRESSIVE;
				CLANG_WARN_UNREACHABLE_CODE = YES;
				CLANG_WARN__DUPLICATE_METHOD_MATCH = YES;
				COPY_PHASE_STRIP = NO;
				DEBUG_INFORMATION_FORMAT = dwarf;
				ENABLE_STRICT_OBJC_MSGSEND = YES;
				ENABLE_TESTABILITY = YES;
				GCC_C_LANGUAGE_STANDARD = gnu11;
				GCC_DYNAMIC_NO_PIC = NO;
				GCC_NO_COMMON_BLOCKS = YES;
				GCC_OPTIMIZATION_LEVEL = 0;
				GCC_PREPROCESSOR_DEFINITIONS = (
					"DEBUG=1",
					"$(inherited)",
				);
				GCC_WARN_64_TO_32_BIT_CONVERSION = YES;
				GCC_WARN_ABOUT_RETURN_TYPE = YES_ERROR;
				GCC_WARN_UNDECLARED_SELECTOR = YES;
				GCC_WARN_UNINITIALIZED_AUTOS = YES_AGGRESSIVE;
				GCC_WARN_UNUSED_FUNCTION = YES;
				GCC_WARN_UNUSED_VARIABLE = YES;
				IPHONEOS_DEPLOYMENT_TARGET = 14.4;
				MTL_ENABLE_DEBUG_INFO = INCLUDE_SOURCE;
				MTL_FAST_MATH = YES;
				ONLY_ACTIVE_ARCH = YES;
				SDKROOT = iphoneos;
				SWIFT_ACTIVE_COMPILATION_CONDITIONS = DEBUG;
				SWIFT_OPTIMIZATION_LEVEL = "-Onone";
			};
			name = Debug;
		};
		083BC86725E57C6600F8833F /* Release */ = {
			isa = XCBuildConfiguration;
			buildSettings = {
				ALWAYS_SEARCH_USER_PATHS = NO;
				CLANG_ANALYZER_LOCALIZABILITY_NONLOCALIZED = YES;
				CLANG_ANALYZER_NONNULL = YES;
				CLANG_ANALYZER_NUMBER_OBJECT_CONVERSION = YES_AGGRESSIVE;
				CLANG_CXX_LANGUAGE_STANDARD = "gnu++14";
				CLANG_CXX_LIBRARY = "libc++";
				CLANG_ENABLE_MODULES = YES;
				CLANG_ENABLE_OBJC_ARC = YES;
				CLANG_ENABLE_OBJC_WEAK = YES;
				CLANG_WARN_BLOCK_CAPTURE_AUTORELEASING = YES;
				CLANG_WARN_BOOL_CONVERSION = YES;
				CLANG_WARN_COMMA = YES;
				CLANG_WARN_CONSTANT_CONVERSION = YES;
				CLANG_WARN_DEPRECATED_OBJC_IMPLEMENTATIONS = YES;
				CLANG_WARN_DIRECT_OBJC_ISA_USAGE = YES_ERROR;
				CLANG_WARN_DOCUMENTATION_COMMENTS = YES;
				CLANG_WARN_EMPTY_BODY = YES;
				CLANG_WARN_ENUM_CONVERSION = YES;
				CLANG_WARN_INFINITE_RECURSION = YES;
				CLANG_WARN_INT_CONVERSION = YES;
				CLANG_WARN_NON_LITERAL_NULL_CONVERSION = YES;
				CLANG_WARN_OBJC_IMPLICIT_RETAIN_SELF = YES;
				CLANG_WARN_OBJC_LITERAL_CONVERSION = YES;
				CLANG_WARN_OBJC_ROOT_CLASS = YES_ERROR;
				CLANG_WARN_QUOTED_INCLUDE_IN_FRAMEWORK_HEADER = YES;
				CLANG_WARN_RANGE_LOOP_ANALYSIS = YES;
				CLANG_WARN_STRICT_PROTOTYPES = YES;
				CLANG_WARN_SUSPICIOUS_MOVE = YES;
				CLANG_WARN_UNGUARDED_AVAILABILITY = YES_AGGRESSIVE;
				CLANG_WARN_UNREACHABLE_CODE = YES;
				CLANG_WARN__DUPLICATE_METHOD_MATCH = YES;
				COPY_PHASE_STRIP = NO;
				DEBUG_INFORMATION_FORMAT = "dwarf-with-dsym";
				ENABLE_NS_ASSERTIONS = NO;
				ENABLE_STRICT_OBJC_MSGSEND = YES;
				GCC_C_LANGUAGE_STANDARD = gnu11;
				GCC_NO_COMMON_BLOCKS = YES;
				GCC_WARN_64_TO_32_BIT_CONVERSION = YES;
				GCC_WARN_ABOUT_RETURN_TYPE = YES_ERROR;
				GCC_WARN_UNDECLARED_SELECTOR = YES;
				GCC_WARN_UNINITIALIZED_AUTOS = YES_AGGRESSIVE;
				GCC_WARN_UNUSED_FUNCTION = YES;
				GCC_WARN_UNUSED_VARIABLE = YES;
				IPHONEOS_DEPLOYMENT_TARGET = 14.4;
				MTL_ENABLE_DEBUG_INFO = NO;
				MTL_FAST_MATH = YES;
				SDKROOT = iphoneos;
				SWIFT_COMPILATION_MODE = wholemodule;
				SWIFT_OPTIMIZATION_LEVEL = "-O";
				VALIDATE_PRODUCT = YES;
			};
			name = Release;
		};
		083BC86925E57C6600F8833F /* Debug */ = {
			isa = XCBuildConfiguration;
			buildSettings = {
				ASSETCATALOG_COMPILER_APPICON_NAME = AppIcon;
				ASSETCATALOG_COMPILER_GLOBAL_ACCENT_COLOR_NAME = AccentColor;
				CODE_SIGN_STYLE = Automatic;
				ENABLE_TESTING_SEARCH_PATHS = YES;
				INFOPLIST_FILE = MovieApp/Info.plist;
				LD_RUNPATH_SEARCH_PATHS = (
					"$(inherited)",
					"@executable_path/Frameworks",
				);
				PRODUCT_BUNDLE_IDENTIFIER = com.tomeki.MovieApp;
				PRODUCT_NAME = "$(TARGET_NAME)";
				SWIFT_VERSION = 5.0;
				TARGETED_DEVICE_FAMILY = "1,2";
			};
			name = Debug;
		};
		083BC86A25E57C6600F8833F /* Release */ = {
			isa = XCBuildConfiguration;
			buildSettings = {
				ASSETCATALOG_COMPILER_APPICON_NAME = AppIcon;
				ASSETCATALOG_COMPILER_GLOBAL_ACCENT_COLOR_NAME = AccentColor;
				CODE_SIGN_STYLE = Automatic;
				ENABLE_TESTING_SEARCH_PATHS = YES;
				INFOPLIST_FILE = MovieApp/Info.plist;
				LD_RUNPATH_SEARCH_PATHS = (
					"$(inherited)",
					"@executable_path/Frameworks",
				);
				PRODUCT_BUNDLE_IDENTIFIER = com.tomeki.MovieApp;
				PRODUCT_NAME = "$(TARGET_NAME)";
				SWIFT_VERSION = 5.0;
				TARGETED_DEVICE_FAMILY = "1,2";
			};
			name = Release;
		};
		083BC86C25E57C6600F8833F /* Debug */ = {
			isa = XCBuildConfiguration;
			buildSettings = {
				ALWAYS_EMBED_SWIFT_STANDARD_LIBRARIES = YES;
				BUNDLE_LOADER = "$(TEST_HOST)";
				CODE_SIGN_STYLE = Automatic;
				INFOPLIST_FILE = MovieAppTests/Info.plist;
				IPHONEOS_DEPLOYMENT_TARGET = 14.4;
				LD_RUNPATH_SEARCH_PATHS = (
					"$(inherited)",
					"@executable_path/Frameworks",
					"@loader_path/Frameworks",
				);
				PRODUCT_BUNDLE_IDENTIFIER = com.tomeki.MovieAppTests;
				PRODUCT_NAME = "$(TARGET_NAME)";
				SWIFT_VERSION = 5.0;
				TARGETED_DEVICE_FAMILY = "1,2";
				TEST_HOST = "$(BUILT_PRODUCTS_DIR)/MovieApp.app/MovieApp";
			};
			name = Debug;
		};
		083BC86D25E57C6600F8833F /* Release */ = {
			isa = XCBuildConfiguration;
			buildSettings = {
				ALWAYS_EMBED_SWIFT_STANDARD_LIBRARIES = YES;
				BUNDLE_LOADER = "$(TEST_HOST)";
				CODE_SIGN_STYLE = Automatic;
				INFOPLIST_FILE = MovieAppTests/Info.plist;
				IPHONEOS_DEPLOYMENT_TARGET = 14.4;
				LD_RUNPATH_SEARCH_PATHS = (
					"$(inherited)",
					"@executable_path/Frameworks",
					"@loader_path/Frameworks",
				);
				PRODUCT_BUNDLE_IDENTIFIER = com.tomeki.MovieAppTests;
				PRODUCT_NAME = "$(TARGET_NAME)";
				SWIFT_VERSION = 5.0;
				TARGETED_DEVICE_FAMILY = "1,2";
				TEST_HOST = "$(BUILT_PRODUCTS_DIR)/MovieApp.app/MovieApp";
			};
			name = Release;
		};
		083BC86F25E57C6600F8833F /* Debug */ = {
			isa = XCBuildConfiguration;
			buildSettings = {
				ALWAYS_EMBED_SWIFT_STANDARD_LIBRARIES = YES;
				CODE_SIGN_STYLE = Automatic;
				INFOPLIST_FILE = MovieAppUITests/Info.plist;
				LD_RUNPATH_SEARCH_PATHS = (
					"$(inherited)",
					"@executable_path/Frameworks",
					"@loader_path/Frameworks",
				);
				PRODUCT_BUNDLE_IDENTIFIER = com.tomeki.MovieAppUITests;
				PRODUCT_NAME = "$(TARGET_NAME)";
				SWIFT_VERSION = 5.0;
				TARGETED_DEVICE_FAMILY = "1,2";
				TEST_TARGET_NAME = MovieApp;
			};
			name = Debug;
		};
		083BC87025E57C6600F8833F /* Release */ = {
			isa = XCBuildConfiguration;
			buildSettings = {
				ALWAYS_EMBED_SWIFT_STANDARD_LIBRARIES = YES;
				CODE_SIGN_STYLE = Automatic;
				INFOPLIST_FILE = MovieAppUITests/Info.plist;
				LD_RUNPATH_SEARCH_PATHS = (
					"$(inherited)",
					"@executable_path/Frameworks",
					"@loader_path/Frameworks",
				);
				PRODUCT_BUNDLE_IDENTIFIER = com.tomeki.MovieAppUITests;
				PRODUCT_NAME = "$(TARGET_NAME)";
				SWIFT_VERSION = 5.0;
				TARGETED_DEVICE_FAMILY = "1,2";
				TEST_TARGET_NAME = MovieApp;
			};
			name = Release;
		};
/* End XCBuildConfiguration section */

/* Begin XCConfigurationList section */
		083BC83925E57C6400F8833F /* Build configuration list for PBXProject "MovieApp" */ = {
			isa = XCConfigurationList;
			buildConfigurations = (
				083BC86625E57C6600F8833F /* Debug */,
				083BC86725E57C6600F8833F /* Release */,
			);
			defaultConfigurationIsVisible = 0;
			defaultConfigurationName = Release;
		};
		083BC86825E57C6600F8833F /* Build configuration list for PBXNativeTarget "MovieApp" */ = {
			isa = XCConfigurationList;
			buildConfigurations = (
				083BC86925E57C6600F8833F /* Debug */,
				083BC86A25E57C6600F8833F /* Release */,
			);
			defaultConfigurationIsVisible = 0;
			defaultConfigurationName = Release;
		};
		083BC86B25E57C6600F8833F /* Build configuration list for PBXNativeTarget "MovieAppTests" */ = {
			isa = XCConfigurationList;
			buildConfigurations = (
				083BC86C25E57C6600F8833F /* Debug */,
				083BC86D25E57C6600F8833F /* Release */,
			);
			defaultConfigurationIsVisible = 0;
			defaultConfigurationName = Release;
		};
		083BC86E25E57C6600F8833F /* Build configuration list for PBXNativeTarget "MovieAppUITests" */ = {
			isa = XCConfigurationList;
			buildConfigurations = (
				083BC86F25E57C6600F8833F /* Debug */,
				083BC87025E57C6600F8833F /* Release */,
			);
			defaultConfigurationIsVisible = 0;
			defaultConfigurationName = Release;
		};
/* End XCConfigurationList section */

/* Begin XCRemoteSwiftPackageReference section */
		089A42EB25EA97A700CA612C /* XCRemoteSwiftPackageReference "swift-snapshot-testing" */ = {
			isa = XCRemoteSwiftPackageReference;
			repositoryURL = "https://github.com/pointfreeco/swift-snapshot-testing.git";
			requirement = {
				kind = upToNextMajorVersion;
				minimumVersion = 1.8.1;
			};
		};
		08BAD0E825E6CE23007795DC /* XCRemoteSwiftPackageReference "Kingfisher" */ = {
			isa = XCRemoteSwiftPackageReference;
			repositoryURL = "https://github.com/onevcat/Kingfisher.git";
			requirement = {
				kind = upToNextMajorVersion;
				minimumVersion = 6.0.0;
			};
		};
/* End XCRemoteSwiftPackageReference section */

/* Begin XCSwiftPackageProductDependency section */
		089A42EC25EA97A700CA612C /* SnapshotTesting */ = {
			isa = XCSwiftPackageProductDependency;
			package = 089A42EB25EA97A700CA612C /* XCRemoteSwiftPackageReference "swift-snapshot-testing" */;
			productName = SnapshotTesting;
		};
		08BAD0E925E6CE23007795DC /* Kingfisher */ = {
			isa = XCSwiftPackageProductDependency;
			package = 08BAD0E825E6CE23007795DC /* XCRemoteSwiftPackageReference "Kingfisher" */;
			productName = Kingfisher;
		};
/* End XCSwiftPackageProductDependency section */
	};
	rootObject = 083BC83625E57C6400F8833F /* Project object */;
}
